
Microsoft Visual Studio Solution File, Format Version 12.00
# Visual Studio 15
Project("{FAE04EC0-301F-11D3-BF4B-00C04F79EFBC}") = "WasmerSharp", "WasmerSharp\WasmerSharp.csproj", "{F023B21F-917B-4C16-A5CC-FC4EA00D1C0F}"
EndProject
Project("{FAE04EC0-301F-11D3-BF4B-00C04F79EFBC}") = "DesktopSample", "DesktopSample\DesktopSample.csproj", "{18800D2C-542B-4511-BB1A-E543DC332595}"
EndProject
Project("{FAE04EC0-301F-11D3-BF4B-00C04F79EFBC}") = "CoreSample", "CoreSample\CoreSample.csproj", "{58A166C8-19F9-4428-AA0A-1FF2F844A6A2}"
EndProject
Project("{FAE04EC0-301F-11D3-BF4B-00C04F79EFBC}") = "StandaloneSample", "StandaloneSample\StandaloneSample.csproj", "{91E87C34-48B5-4BFA-BDC5-AF3106BF3F74}"
EndProject
Global
	GlobalSection(SolutionConfigurationPlatforms) = preSolution
		Debug|Any CPU = Debug|Any CPU
		Release|Any CPU = Release|Any CPU
	EndGlobalSection
	GlobalSection(ProjectConfigurationPlatforms) = postSolution
		{F023B21F-917B-4C16-A5CC-FC4EA00D1C0F}.Debug|Any CPU.ActiveCfg = Debug|Any CPU
		{F023B21F-917B-4C16-A5CC-FC4EA00D1C0F}.Debug|Any CPU.Build.0 = Debug|Any CPU
		{F023B21F-917B-4C16-A5CC-FC4EA00D1C0F}.Release|Any CPU.ActiveCfg = Release|Any CPU
		{F023B21F-917B-4C16-A5CC-FC4EA00D1C0F}.Release|Any CPU.Build.0 = Release|Any CPU
		{18800D2C-542B-4511-BB1A-E543DC332595}.Debug|Any CPU.ActiveCfg = Debug|Any CPU
		{18800D2C-542B-4511-BB1A-E543DC332595}.Debug|Any CPU.Build.0 = Debug|Any CPU
		{18800D2C-542B-4511-BB1A-E543DC332595}.Release|Any CPU.ActiveCfg = Release|Any CPU
		{18800D2C-542B-4511-BB1A-E543DC332595}.Release|Any CPU.Build.0 = Release|Any CPU
		{58A166C8-19F9-4428-AA0A-1FF2F844A6A2}.Debug|Any CPU.ActiveCfg = Debug|Any CPU
		{58A166C8-19F9-4428-AA0A-1FF2F844A6A2}.Debug|Any CPU.Build.0 = Debug|Any CPU
		{58A166C8-19F9-4428-AA0A-1FF2F844A6A2}.Release|Any CPU.ActiveCfg = Release|Any CPU
		{58A166C8-19F9-4428-AA0A-1FF2F844A6A2}.Release|Any CPU.Build.0 = Release|Any CPU
		{91E87C34-48B5-4BFA-BDC5-AF3106BF3F74}.Debug|Any CPU.ActiveCfg = Debug|Any CPU
		{91E87C34-48B5-4BFA-BDC5-AF3106BF3F74}.Debug|Any CPU.Build.0 = Debug|Any CPU
		{91E87C34-48B5-4BFA-BDC5-AF3106BF3F74}.Release|Any CPU.ActiveCfg = Release|Any CPU
		{91E87C34-48B5-4BFA-BDC5-AF3106BF3F74}.Release|Any CPU.Build.0 = Release|Any CPU
	EndGlobalSection
EndGlobal
